
Microsoft Visual Studio Solution File, Format Version 12.00
# Visual Studio Version 17
VisualStudioVersion = 17.1.32421.90
MinimumVisualStudioVersion = 10.0.40219.1
Project("{8BC9CEB8-8B4A-11D0-8D11-00A0C91BC942}") = "Brainfuck+", "Brainfuck+\Brainfuck+.vcxproj", "{509CB70F-C0EC-40A9-BFE2-2DBC3C99E4F1}"
EndProject
Global
	GlobalSection(SolutionConfigurationPlatforms) = preSolution
		Debug|x64 = Debug|x64
		Debug|x86 = Debug|x86
		Release|x64 = Release|x64
		Release|x86 = Release|x86
	EndGlobalSection
	GlobalSection(ProjectConfigurationPlatforms) = postSolution
		{509CB70F-C0EC-40A9-BFE2-2DBC3C99E4F1}.Debug|x64.ActiveCfg = Debug|x64
		{509CB70F-C0EC-40A9-BFE2-2DBC3C99E4F1}.Debug|x64.Build.0 = Debug|x64
		{509CB70F-C0EC-40A9-BFE2-2DBC3C99E4F1}.Debug|x86.ActiveCfg = Debug|Win32
		{509CB70F-C0EC-40A9-BFE2-2DBC3C99E4F1}.Debug|x86.Build.0 = Debug|Win32
		{509CB70F-C0EC-40A9-BFE2-2DBC3C99E4F1}.Release|x64.ActiveCfg = Release|x64
		{509CB70F-C0EC-40A9-BFE2-2DBC3C99E4F1}.Release|x64.Build.0 = Release|x64
		{509CB70F-C0EC-40A9-BFE2-2DBC3C99E4F1}.Release|x86.ActiveCfg = Release|Win32
		{509CB70F-C0EC-40A9-BFE2-2DBC3C99E4F1}.Release|x86.Build.0 = Release|Win32
	EndGlobalSection
	GlobalSection(SolutionProperties) = preSolution
		HideSolutionNode = FALSE
	EndGlobalSection
	GlobalSection(ExtensibilityGlobals) = postSolution
		SolutionGuid = {A5C6C4F3-935C-4151-8C21-DC1FE219B2D3}
	EndGlobalSection
EndGlobal
